
Microsoft Visual Studio Solution File, Format Version 12.00
# Visual Studio 15
VisualStudioVersion = 15.0.28307.902
MinimumVisualStudioVersion = 10.0.40219.1
Project("{8BC9CEB8-8B4A-11D0-8D11-00A0C91BC942}") = "prj.lab", "prj.lab\prj.lab.vcxproj", "{099F0903-3D90-43CD-BF71-453B3FB57F91}"
EndProject
Project("{2150E333-8FDC-42A3-9474-1A3956D46DE8}") = "prj.test", "prj.test", "{1D4AA145-AFE3-42C8-9B0D-B6C74038F72F}"
EndProject
Project("{8BC9CEB8-8B4A-11D0-8D11-00A0C91BC942}") = "catch2_complex", "prj.test\catch2_complex\catch2_complex.vcxproj", "{0614CC45-70F5-4AD7-B711-391E344E26A9}"
EndProject
Project("{8BC9CEB8-8B4A-11D0-8D11-00A0C91BC942}") = "catch2_rational", "prj.test\catch2_rational\catch2_rational.vcxproj", "{F22B7F5C-14B7-4969-8C0F-676FB616C3C2}"
EndProject
Project("{8BC9CEB8-8B4A-11D0-8D11-00A0C91BC942}") = "catch2_longint", "prj.test\catch2_longint\catch2_longint.vcxproj", "{6609C510-D6A2-4AB7-AFA6-35A0FC8EE0D4}"
EndProject
Project("{2150E333-8FDC-42A3-9474-1A3956D46DE8}") = "prj.thirdparty", "prj.thirdparty", "{783ED656-81FD-4316-B8BE-A98C0BBB2F49}"
EndProject
Project("{2150E333-8FDC-42A3-9474-1A3956D46DE8}") = "catch2", "catch2", "{BC908D16-2D36-4B00-B737-D2320EB881F2}"
	ProjectSection(SolutionItems) = preProject
		prj.thirdparty\catch2\catch.hpp = prj.thirdparty\catch2\catch.hpp
	EndProjectSection
EndProject
Project("{8BC9CEB8-8B4A-11D0-8D11-00A0C91BC942}") = "catch2_dynarray", "prj.test\catch2_dynarray\catch2_dynarray.vcxproj", "{32F0D67C-49E7-45D3-97F5-91D26245CC10}"
EndProject
Global
	GlobalSection(SolutionConfigurationPlatforms) = preSolution
		Debug|Win32 = Debug|Win32
		Debug|x64 = Debug|x64
		Release|Win32 = Release|Win32
		Release|x64 = Release|x64
	EndGlobalSection
	GlobalSection(ProjectConfigurationPlatforms) = postSolution
		{099F0903-3D90-43CD-BF71-453B3FB57F91}.Debug|Win32.ActiveCfg = Debug|Win32
		{099F0903-3D90-43CD-BF71-453B3FB57F91}.Debug|Win32.Build.0 = Debug|Win32
		{099F0903-3D90-43CD-BF71-453B3FB57F91}.Debug|x64.ActiveCfg = Debug|x64
		{099F0903-3D90-43CD-BF71-453B3FB57F91}.Debug|x64.Build.0 = Debug|x64
		{099F0903-3D90-43CD-BF71-453B3FB57F91}.Release|Win32.ActiveCfg = Release|Win32
		{099F0903-3D90-43CD-BF71-453B3FB57F91}.Release|Win32.Build.0 = Release|Win32
		{099F0903-3D90-43CD-BF71-453B3FB57F91}.Release|x64.ActiveCfg = Release|x64
		{099F0903-3D90-43CD-BF71-453B3FB57F91}.Release|x64.Build.0 = Release|x64
		{0614CC45-70F5-4AD7-B711-391E344E26A9}.Debug|Win32.ActiveCfg = Debug|Win32
		{0614CC45-70F5-4AD7-B711-391E344E26A9}.Debug|Win32.Build.0 = Debug|Win32
		{0614CC45-70F5-4AD7-B711-391E344E26A9}.Debug|x64.ActiveCfg = Debug|x64
		{0614CC45-70F5-4AD7-B711-391E344E26A9}.Debug|x64.Build.0 = Debug|x64
		{0614CC45-70F5-4AD7-B711-391E344E26A9}.Release|Win32.ActiveCfg = Release|Win32
		{0614CC45-70F5-4AD7-B711-391E344E26A9}.Release|Win32.Build.0 = Release|Win32
		{0614CC45-70F5-4AD7-B711-391E344E26A9}.Release|x64.ActiveCfg = Release|x64
		{0614CC45-70F5-4AD7-B711-391E344E26A9}.Release|x64.Build.0 = Release|x64
		{F22B7F5C-14B7-4969-8C0F-676FB616C3C2}.Debug|Win32.ActiveCfg = Debug|Win32
		{F22B7F5C-14B7-4969-8C0F-676FB616C3C2}.Debug|Win32.Build.0 = Debug|Win32
		{F22B7F5C-14B7-4969-8C0F-676FB616C3C2}.Debug|x64.ActiveCfg = Debug|x64
		{F22B7F5C-14B7-4969-8C0F-676FB616C3C2}.Debug|x64.Build.0 = Debug|x64
		{F22B7F5C-14B7-4969-8C0F-676FB616C3C2}.Release|Win32.ActiveCfg = Release|Win32
		{F22B7F5C-14B7-4969-8C0F-676FB616C3C2}.Release|Win32.Build.0 = Release|Win32
		{F22B7F5C-14B7-4969-8C0F-676FB616C3C2}.Release|x64.ActiveCfg = Release|x64
		{F22B7F5C-14B7-4969-8C0F-676FB616C3C2}.Release|x64.Build.0 = Release|x64
		{6609C510-D6A2-4AB7-AFA6-35A0FC8EE0D4}.Debug|Win32.ActiveCfg = Debug|Win32
		{6609C510-D6A2-4AB7-AFA6-35A0FC8EE0D4}.Debug|Win32.Build.0 = Debug|Win32
		{6609C510-D6A2-4AB7-AFA6-35A0FC8EE0D4}.Debug|x64.ActiveCfg = Debug|x64
		{6609C510-D6A2-4AB7-AFA6-35A0FC8EE0D4}.Debug|x64.Build.0 = Debug|x64
		{6609C510-D6A2-4AB7-AFA6-35A0FC8EE0D4}.Release|Win32.ActiveCfg = Release|Win32
		{6609C510-D6A2-4AB7-AFA6-35A0FC8EE0D4}.Release|Win32.Build.0 = Release|Win32
		{6609C510-D6A2-4AB7-AFA6-35A0FC8EE0D4}.Release|x64.ActiveCfg = Release|x64
		{6609C510-D6A2-4AB7-AFA6-35A0FC8EE0D4}.Release|x64.Build.0 = Release|x64
		{32F0D67C-49E7-45D3-97F5-91D26245CC10}.Debug|Win32.ActiveCfg = Debug|Win32
		{32F0D67C-49E7-45D3-97F5-91D26245CC10}.Debug|Win32.Build.0 = Debug|Win32
		{32F0D67C-49E7-45D3-97F5-91D26245CC10}.Debug|x64.ActiveCfg = Debug|x64
		{32F0D67C-49E7-45D3-97F5-91D26245CC10}.Debug|x64.Build.0 = Debug|x64
		{32F0D67C-49E7-45D3-97F5-91D26245CC10}.Release|Win32.ActiveCfg = Release|Win32
		{32F0D67C-49E7-45D3-97F5-91D26245CC10}.Release|Win32.Build.0 = Release|Win32
		{32F0D67C-49E7-45D3-97F5-91D26245CC10}.Release|x64.ActiveCfg = Release|x64
		{32F0D67C-49E7-45D3-97F5-91D26245CC10}.Release|x64.Build.0 = Release|x64
	EndGlobalSection
	GlobalSection(SolutionProperties) = preSolution
		HideSolutionNode = FALSE
	EndGlobalSection
	GlobalSection(NestedProjects) = preSolution
		{0614CC45-70F5-4AD7-B711-391E344E26A9} = {1D4AA145-AFE3-42C8-9B0D-B6C74038F72F}
		{F22B7F5C-14B7-4969-8C0F-676FB616C3C2} = {1D4AA145-AFE3-42C8-9B0D-B6C74038F72F}
		{6609C510-D6A2-4AB7-AFA6-35A0FC8EE0D4} = {1D4AA145-AFE3-42C8-9B0D-B6C74038F72F}
		{BC908D16-2D36-4B00-B737-D2320EB881F2} = {783ED656-81FD-4316-B8BE-A98C0BBB2F49}
		{32F0D67C-49E7-45D3-97F5-91D26245CC10} = {1D4AA145-AFE3-42C8-9B0D-B6C74038F72F}
	EndGlobalSection
	GlobalSection(ExtensibilityGlobals) = postSolution
		SolutionGuid = {A2A610D8-7622-4F0D-BD6B-0270DC4B925C}
	EndGlobalSection
EndGlobal
