<?xml version="1.0" encoding="utf-8"?>
<Project ToolsVersion="4.0" xmlns="http://schemas.microsoft.com/developer/msbuild/2003">
  <ItemGroup>
    <Filter Include="complex">
      <UniqueIdentifier>{e10f567a-48e7-4902-9fdb-a1515f380f14}</UniqueIdentifier>
    </Filter>
    <Filter Include="rational">
      <UniqueIdentifier>{4cddc0ad-fc8b-48d7-9611-c2b8c262c21d}</UniqueIdentifier>
    </Filter>
    <Filter Include="longint">
      <UniqueIdentifier>{be9f57f4-6bad-470e-a21b-1916e2b80a52}</UniqueIdentifier>
    </Filter>
    <Filter Include="dynarray">
      <UniqueIdentifier>{06ab6a1a-511c-4e8f-9086-646a38713616}</UniqueIdentifier>
    </Filter>
    <Filter Include="matrixa">
      <UniqueIdentifier>{a03ca75c-91fb-42a2-81c2-f3c35fbf4b67}</UniqueIdentifier>
    </Filter>
    <Filter Include="matrixl">
      <UniqueIdentifier>{e8f55e9d-2fa9-48b9-b494-55d99a3c7265}</UniqueIdentifier>
    </Filter>
    <Filter Include="stackl">
      <UniqueIdentifier>{221130ae-5a00-4e2f-b077-7c98c57cb09a}</UniqueIdentifier>
    </Filter>
    <Filter Include="queuea">
      <UniqueIdentifier>{0f21387d-daad-4a2b-b603-894a6ca98fa6}</UniqueIdentifier>
    </Filter>
    <Filter Include="dynarrayt">
      <UniqueIdentifier>{060bb203-6fc9-4788-baf5-1692e5074fa7}</UniqueIdentifier>
    </Filter>
  </ItemGroup>
  <ItemGroup>
    <ClCompile Include="complex\complex.cpp">
      <Filter>complex</Filter>
    </ClCompile>
    <ClCompile Include="rational\rational.cpp">
      <Filter>rational</Filter>
    </ClCompile>
    <ClCompile Include="longint\longint.cpp">
      <Filter>longint</Filter>
    </ClCompile>
    <ClCompile Include="dynarray\dynarray.cpp">
      <Filter>dynarray</Filter>
    </ClCompile>
    <ClCompile Include="matrixa\matrixa.cpp">
      <Filter>matrixa</Filter>
    </ClCompile>
    <ClCompile Include="matrixl\matrixl.cpp">
      <Filter>matrixl</Filter>
    </ClCompile>
    <ClCompile Include="stackl\stackl.cpp">
      <Filter>stackl</Filter>
    </ClCompile>
    <ClCompile Include="queuea\queuea.cpp">
      <Filter>queuea</Filter>
    </ClCompile>
    <ClCompile Include="dynarrayt\dynarrayt.cpp">
      <Filter>dynarrayt</Filter>
    </ClCompile>
  </ItemGroup>
  <ItemGroup>
    <ClInclude Include="complex\complex.h">
      <Filter>complex</Filter>
    </ClInclude>
    <ClInclude Include="rational\rational.h">
      <Filter>rational</Filter>
    </ClInclude>
    <ClInclude Include="longint\longint.h">
      <Filter>longint</Filter>
    </ClInclude>
    <ClInclude Include="dynarray\dynarray.h">
      <Filter>dynarray</Filter>
    </ClInclude>
    <ClInclude Include="matrixa\matrixa.h">
      <Filter>matrixa</Filter>
    </ClInclude>
    <ClInclude Include="matrixl\matrixl.h">
      <Filter>matrixl</Filter>
    </ClInclude>
    <ClInclude Include="stackl\stackl.h">
      <Filter>stackl</Filter>
    </ClInclude>
    <ClInclude Include="queuea\queuea.h">
      <Filter>queuea</Filter>
    </ClInclude>
    <ClInclude Include="dynarrayt\dynarrayt.h">
      <Filter>dynarrayt</Filter>
    </ClInclude>
  </ItemGroup>
</Project>